
Microsoft Visual Studio Solution File, Format Version 12.00
# Visual Studio Version 16
VisualStudioVersion = 16.0.31613.86
MinimumVisualStudioVersion = 10.0.40219.1
Project("{FAE04EC0-301F-11D3-BF4B-00C04F79EFBC}") = "WinFormsApp1", "WinFormsApp1.csproj", "{EB0EC542-4A7D-4E35-BC25-A95322F8886D}"
EndProject
Global
	GlobalSection(SolutionConfigurationPlatforms) = preSolution
		Debug|Any CPU = Debug|Any CPU
		Release|Any CPU = Release|Any CPU
	EndGlobalSection
	GlobalSection(ProjectConfigurationPlatforms) = postSolution
		{EB0EC542-4A7D-4E35-BC25-A95322F8886D}.Debug|Any CPU.ActiveCfg = Debug|Any CPU
		{EB0EC542-4A7D-4E35-BC25-A95322F8886D}.Debug|Any CPU.Build.0 = Debug|Any CPU
		{EB0EC542-4A7D-4E35-BC25-A95322F8886D}.Release|Any CPU.ActiveCfg = Release|Any CPU
		{EB0EC542-4A7D-4E35-BC25-A95322F8886D}.Release|Any CPU.Build.0 = Release|Any CPU
	EndGlobalSection
	GlobalSection(SolutionProperties) = preSolution
		HideSolutionNode = FALSE
	EndGlobalSection
	GlobalSection(ExtensibilityGlobals) = postSolution
		SolutionGuid = {0072FFB9-6867-4876-B582-AEBA1EEFB6B4}
	EndGlobalSection
EndGlobal
